
Microsoft Visual Studio Solution File, Format Version 12.00
# Visual Studio Version 17
VisualStudioVersion = 17.11.35327.3
MinimumVisualStudioVersion = 10.0.40219.1
Project("{FAE04EC0-301F-11D3-BF4B-00C04F79EFBC}") = "BookCart", "BookCart\BookCart.csproj", "{37390D36-2ED4-438B-BDB0-01F86E32D9D2}"
EndProject
Global
	GlobalSection(SolutionConfigurationPlatforms) = preSolution
		Debug|Any CPU = Debug|Any CPU
		Release|Any CPU = Release|Any CPU
	EndGlobalSection
	GlobalSection(ProjectConfigurationPlatforms) = postSolution
		{37390D36-2ED4-438B-BDB0-01F86E32D9D2}.Debug|Any CPU.ActiveCfg = Debug|Any CPU
		{37390D36-2ED4-438B-BDB0-01F86E32D9D2}.Debug|Any CPU.Build.0 = Debug|Any CPU
		{37390D36-2ED4-438B-BDB0-01F86E32D9D2}.Release|Any CPU.ActiveCfg = Release|Any CPU
		{37390D36-2ED4-438B-BDB0-01F86E32D9D2}.Release|Any CPU.Build.0 = Release|Any CPU
	EndGlobalSection
	GlobalSection(SolutionProperties) = preSolution
		HideSolutionNode = FALSE
	EndGlobalSection
	GlobalSection(ExtensibilityGlobals) = postSolution
		SolutionGuid = {D441F146-5576-4100-A267-9F91730893F5}
	EndGlobalSection
EndGlobal
